// !$*UTF8*$!
{
	archiveVersion = 1;
	classes = {
	};
	objectVersion = 45;
	objects = {

/* Begin PBXBuildFile section */
		1D3623260D0F684500981E51 /* audio_sdk_clientAppDelegate.m in Sources */ = {isa = PBXBuildFile; fileRef = 1D3623250D0F684500981E51 /* audio_sdk_clientAppDelegate.m */; };
		1D60589F0D05DD5A006BFB54 /* Foundation.framework in Frameworks */ = {isa = PBXBuildFile; fileRef = 1D30AB110D05D00D00671497 /* Foundation.framework */; };
		1DF5F4E00D08C38300B7A737 /* UIKit.framework in Frameworks */ = {isa = PBXBuildFile; fileRef = 1DF5F4DF0D08C38300B7A737 /* UIKit.framework */; };
		288765A50DF7441C002DB57D /* CoreGraphics.framework in Frameworks */ = {isa = PBXBuildFile; fileRef = 288765A40DF7441C002DB57D /* CoreGraphics.framework */; };
		2899E5220DE3E06400AC0155 /* audio_sdk_clientViewController.xib in Resources */ = {isa = PBXBuildFile; fileRef = 2899E5210DE3E06400AC0155 /* audio_sdk_clientViewController.xib */; };
		28D7ACF80DDB3853001CB0EB /* audio_sdk_clientViewController.m in Sources */ = {isa = PBXBuildFile; fileRef = 28D7ACF70DDB3853001CB0EB /* audio_sdk_clientViewController.m */; };
		A9315E49140EA973005A8E30 /* InfoViewController.m in Sources */ = {isa = PBXBuildFile; fileRef = A9315E44140EA973005A8E30 /* InfoViewController.m */; };
		A9315E4A140EA973005A8E30 /* record_audio_testAppDelegate.m in Sources */ = {isa = PBXBuildFile; fileRef = A9315E46140EA973005A8E30 /* record_audio_testAppDelegate.m */; };
		A9315E4B140EA973005A8E30 /* record_audio_testViewController.mm in Sources */ = {isa = PBXBuildFile; fileRef = A9315E48140EA973005A8E30 /* record_audio_testViewController.mm */; };
		A9315E50140EA98E005A8E30 /* record_audio_testViewController.xib in Resources */ = {isa = PBXBuildFile; fileRef = A9315E4D140EA98E005A8E30 /* record_audio_testViewController.xib */; };
		A9315E51140EA98E005A8E30 /* InfoView.xib in Resources */ = {isa = PBXBuildFile; fileRef = A9315E4E140EA98E005A8E30 /* InfoView.xib */; };
		A9315E55140EA9B3005A8E30 /* Accelerate.framework in Frameworks */ = {isa = PBXBuildFile; fileRef = A9315E54140EA9B3005A8E30 /* Accelerate.framework */; };
		A9315E57140EA9B3005A8E30 /* AudioToolbox.framework in Frameworks */ = {isa = PBXBuildFile; fileRef = A9315E56140EA9B3005A8E30 /* AudioToolbox.framework */; };
		A9315E59140EA9B3005A8E30 /* AVFoundation.framework in Frameworks */ = {isa = PBXBuildFile; fileRef = A9315E58140EA9B3005A8E30 /* AVFoundation.framework */; };
		A9315E60140EAA5B005A8E30 /* MainWindow.xib in Resources */ = {isa = PBXBuildFile; fileRef = A9315E5F140EAA5B005A8E30 /* MainWindow.xib */; };
		A93DEB11140F515B0014459E /* db.file in Resources */ = {isa = PBXBuildFile; fileRef = A93DEB10140F515B0014459E /* db.file */; };
		A975F7D81410952A0059186E /* libAudio.a in Frameworks */ = {isa = PBXBuildFile; fileRef = A975F7D71410952A0059186E /* libAudio.a */; };
/* End PBXBuildFile section */

/* Begin PBXFileReference section */
		1D30AB110D05D00D00671497 /* Foundation.framework */ = {isa = PBXFileReference; lastKnownFileType = wrapper.framework; name = Foundation.framework; path = System/Library/Frameworks/Foundation.framework; sourceTree = SDKROOT; };
		1D3623240D0F684500981E51 /* audio_sdk_clientAppDelegate.h */ = {isa = PBXFileReference; fileEncoding = 4; lastKnownFileType = sourcecode.c.h; path = audio_sdk_clientAppDelegate.h; sourceTree = "<group>"; };
		1D3623250D0F684500981E51 /* audio_sdk_clientAppDelegate.m */ = {isa = PBXFileReference; fileEncoding = 4; lastKnownFileType = sourcecode.c.objc; path = audio_sdk_clientAppDelegate.m; sourceTree = "<group>"; };
		1D6058910D05DD3D006BFB54 /* audio_sdk_client.app */ = {isa = PBXFileReference; explicitFileType = wrapper.application; includeInIndex = 0; path = audio_sdk_client.app; sourceTree = BUILT_PRODUCTS_DIR; };
		1DF5F4DF0D08C38300B7A737 /* UIKit.framework */ = {isa = PBXFileReference; lastKnownFileType = wrapper.framework; name = UIKit.framework; path = System/Library/Frameworks/UIKit.framework; sourceTree = SDKROOT; };
		288765A40DF7441C002DB57D /* CoreGraphics.framework */ = {isa = PBXFileReference; lastKnownFileType = wrapper.framework; name = CoreGraphics.framework; path = System/Library/Frameworks/CoreGraphics.framework; sourceTree = SDKROOT; };
		2899E5210DE3E06400AC0155 /* audio_sdk_clientViewController.xib */ = {isa = PBXFileReference; lastKnownFileType = file.xib; path = audio_sdk_clientViewController.xib; sourceTree = "<group>"; };
		28D7ACF60DDB3853001CB0EB /* audio_sdk_clientViewController.h */ = {isa = PBXFileReference; fileEncoding = 4; lastKnownFileType = sourcecode.c.h; path = audio_sdk_clientViewController.h; sourceTree = "<group>"; };
		28D7ACF70DDB3853001CB0EB /* audio_sdk_clientViewController.m */ = {isa = PBXFileReference; fileEncoding = 4; lastKnownFileType = sourcecode.c.objc; path = audio_sdk_clientViewController.m; sourceTree = "<group>"; };
		32CA4F630368D1EE00C91783 /* audio_sdk_client_Prefix.pch */ = {isa = PBXFileReference; fileEncoding = 4; lastKnownFileType = sourcecode.c.h; name = audio_sdk_client_Prefix.pch; path = ../audio_sdk_client_Prefix.pch; sourceTree = "<group>"; };
		8D1107310486CEB800E47090 /* audio_sdk_client-Info.plist */ = {isa = PBXFileReference; fileEncoding = 4; lastKnownFileType = text.plist.xml; path = "audio_sdk_client-Info.plist"; plistStructureDefinitionIdentifier = "com.apple.xcode.plist.structure-definition.iphone.info-plist"; sourceTree = "<group>"; };
		A9315E18140EA84B005A8E30 /* audio_sdk.h */ = {isa = PBXFileReference; fileEncoding = 4; lastKnownFileType = sourcecode.c.h; path = audio_sdk.h; sourceTree = "<group>"; };
		A9315E43140EA973005A8E30 /* InfoViewController.h */ = {isa = PBXFileReference; fileEncoding = 4; lastKnownFileType = sourcecode.c.h; name = InfoViewController.h; path = ../InfoViewController.h; sourceTree = "<group>"; };
		A9315E44140EA973005A8E30 /* InfoViewController.m */ = {isa = PBXFileReference; fileEncoding = 4; lastKnownFileType = sourcecode.c.objc; name = InfoViewController.m; path = ../InfoViewController.m; sourceTree = "<group>"; };
		A9315E45140EA973005A8E30 /* record_audio_testAppDelegate.h */ = {isa = PBXFileReference; fileEncoding = 4; lastKnownFileType = sourcecode.c.h; name = record_audio_testAppDelegate.h; path = ../record_audio_testAppDelegate.h; sourceTree = "<group>"; };
		A9315E46140EA973005A8E30 /* record_audio_testAppDelegate.m */ = {isa = PBXFileReference; fileEncoding = 4; lastKnownFileType = sourcecode.c.objc; name = record_audio_testAppDelegate.m; path = ../record_audio_testAppDelegate.m; sourceTree = "<group>"; };
		A9315E47140EA973005A8E30 /* record_audio_testViewController.h */ = {isa = PBXFileReference; fileEncoding = 4; lastKnownFileType = sourcecode.c.h; name = record_audio_testViewController.h; path = ../record_audio_testViewController.h; sourceTree = "<group>"; };
		A9315E48140EA973005A8E30 /* record_audio_testViewController.mm */ = {isa = PBXFileReference; fileEncoding = 4; lastKnownFileType = sourcecode.cpp.objcpp; name = record_audio_testViewController.mm; path = ../record_audio_testViewController.mm; sourceTree = "<group>"; };
		A9315E4D140EA98E005A8E30 /* record_audio_testViewController.xib */ = {isa = PBXFileReference; lastKnownFileType = file.xib; path = record_audio_testViewController.xib; sourceTree = "<group>"; };
		A9315E4E140EA98E005A8E30 /* InfoView.xib */ = {isa = PBXFileReference; lastKnownFileType = file.xib; path = InfoView.xib; sourceTree = "<group>"; };
		A9315E54140EA9B3005A8E30 /* Accelerate.framework */ = {isa = PBXFileReference; lastKnownFileType = wrapper.framework; name = Accelerate.framework; path = System/Library/Frameworks/Accelerate.framework; sourceTree = SDKROOT; };
		A9315E56140EA9B3005A8E30 /* AudioToolbox.framework */ = {isa = PBXFileReference; lastKnownFileType = wrapper.framework; name = AudioToolbox.framework; path = System/Library/Frameworks/AudioToolbox.framework; sourceTree = SDKROOT; };
		A9315E58140EA9B3005A8E30 /* AVFoundation.framework */ = {isa = PBXFileReference; lastKnownFileType = wrapper.framework; name = AVFoundation.framework; path = System/Library/Frameworks/AVFoundation.framework; sourceTree = SDKROOT; };
		A9315E5F140EAA5B005A8E30 /* MainWindow.xib */ = {isa = PBXFileReference; lastKnownFileType = file.xib; path = MainWindow.xib; sourceTree = "<group>"; };
		A93DEB10140F515B0014459E /* db.file */ = {isa = PBXFileReference; lastKnownFileType = file; path = db.file; sourceTree = "<group>"; };
		A975F7D71410952A0059186E /* libAudio.a */ = {isa = PBXFileReference; lastKnownFileType = archive.ar; path = libAudio.a; sourceTree = "<group>"; };
/* End PBXFileReference section */

/* Begin PBXFrameworksBuildPhase section */
		1D60588F0D05DD3D006BFB54 /* Frameworks */ = {
			isa = PBXFrameworksBuildPhase;
			buildActionMask = 2147483647;
			files = (
				1D60589F0D05DD5A006BFB54 /* Foundation.framework in Frameworks */,
				1DF5F4E00D08C38300B7A737 /* UIKit.framework in Frameworks */,
				288765A50DF7441C002DB57D /* CoreGraphics.framework in Frameworks */,
				A9315E55140EA9B3005A8E30 /* Accelerate.framework in Frameworks */,
				A9315E57140EA9B3005A8E30 /* AudioToolbox.framework in Frameworks */,
				A9315E59140EA9B3005A8E30 /* AVFoundation.framework in Frameworks */,
				A975F7D81410952A0059186E /* libAudio.a in Frameworks */,
			);
			runOnlyForDeploymentPostprocessing = 0;
		};
/* End PBXFrameworksBuildPhase section */

/* Begin PBXGroup section */
		080E96DDFE201D6D7F000001 /* Classes */ = {
			isa = PBXGroup;
			children = (
				A9315E43140EA973005A8E30 /* InfoViewController.h */,
				A9315E44140EA973005A8E30 /* InfoViewController.m */,
				A9315E45140EA973005A8E30 /* record_audio_testAppDelegate.h */,
				A9315E46140EA973005A8E30 /* record_audio_testAppDelegate.m */,
				A9315E47140EA973005A8E30 /* record_audio_testViewController.h */,
				A9315E48140EA973005A8E30 /* record_audio_testViewController.mm */,
				32CA4F630368D1EE00C91783 /* audio_sdk_client_Prefix.pch */,
				1D3623250D0F684500981E51 /* audio_sdk_clientAppDelegate.m */,
				1D3623240D0F684500981E51 /* audio_sdk_clientAppDelegate.h */,
				28D7ACF60DDB3853001CB0EB /* audio_sdk_clientViewController.h */,
				28D7ACF70DDB3853001CB0EB /* audio_sdk_clientViewController.m */,
			);
			path = Classes;
			sourceTree = "<group>";
		};
		19C28FACFE9D520D11CA2CBB /* Products */ = {
			isa = PBXGroup;
			children = (
				1D6058910D05DD3D006BFB54 /* audio_sdk_client.app */,
			);
			name = Products;
			sourceTree = "<group>";
		};
		29B97314FDCFA39411CA2CEA /* CustomTemplate */ = {
			isa = PBXGroup;
			children = (
				A975F7D71410952A0059186E /* libAudio.a */,
				A9315E18140EA84B005A8E30 /* audio_sdk.h */,
				080E96DDFE201D6D7F000001 /* Classes */,
				29B97315FDCFA39411CA2CEA /* Other Sources */,
				29B97317FDCFA39411CA2CEA /* Resources */,
				29B97323FDCFA39411CA2CEA /* Frameworks */,
				19C28FACFE9D520D11CA2CBB /* Products */,
			);
			name = CustomTemplate;
			sourceTree = "<group>";
		};
		29B97315FDCFA39411CA2CEA /* Other Sources */ = {
			isa = PBXGroup;
			children = (
			);
			name = "Other Sources";
			sourceTree = "<group>";
		};
		29B97317FDCFA39411CA2CEA /* Resources */ = {
			isa = PBXGroup;
			children = (
				A93DEB10140F515B0014459E /* db.file */,
				A9315E5F140EAA5B005A8E30 /* MainWindow.xib */,
				A9315E4D140EA98E005A8E30 /* record_audio_testViewController.xib */,
				A9315E4E140EA98E005A8E30 /* InfoView.xib */,
				2899E5210DE3E06400AC0155 /* audio_sdk_clientViewController.xib */,
				8D1107310486CEB800E47090 /* audio_sdk_client-Info.plist */,
			);
			name = Resources;
			sourceTree = "<group>";
		};
		29B97323FDCFA39411CA2CEA /* Frameworks */ = {
			isa = PBXGroup;
			children = (
				1DF5F4DF0D08C38300B7A737 /* UIKit.framework */,
				1D30AB110D05D00D00671497 /* Foundation.framework */,
				288765A40DF7441C002DB57D /* CoreGraphics.framework */,
				A9315E54140EA9B3005A8E30 /* Accelerate.framework */,
				A9315E56140EA9B3005A8E30 /* AudioToolbox.framework */,
				A9315E58140EA9B3005A8E30 /* AVFoundation.framework */,
			);
			name = Frameworks;
			sourceTree = "<group>";
		};
/* End PBXGroup section */

/* Begin PBXNativeTarget section */
		1D6058900D05DD3D006BFB54 /* audio_sdk_client */ = {
			isa = PBXNativeTarget;
			buildConfigurationList = 1D6058960D05DD3E006BFB54 /* Build configuration list for PBXNativeTarget "audio_sdk_client" */;
			buildPhases = (
				1D60588D0D05DD3D006BFB54 /* Resources */,
				1D60588E0D05DD3D006BFB54 /* Sources */,
				1D60588F0D05DD3D006BFB54 /* Frameworks */,
			);
			buildRules = (
			);
			dependencies = (
			);
			name = audio_sdk_client;
			productName = audio_sdk_client;
			productReference = 1D6058910D05DD3D006BFB54 /* audio_sdk_client.app */;
			productType = "com.apple.product-type.application";
		};
/* End PBXNativeTarget section */

/* Begin PBXProject section */
		29B97313FDCFA39411CA2CEA /* Project object */ = {
			isa = PBXProject;
			buildConfigurationList = C01FCF4E08A954540054247B /* Build configuration list for PBXProject "audio_sdk_client" */;
			compatibilityVersion = "Xcode 3.1";
			developmentRegion = English;
			hasScannedForEncodings = 1;
			knownRegions = (
				English,
				Japanese,
				French,
				German,
			);
			mainGroup = 29B97314FDCFA39411CA2CEA /* CustomTemplate */;
			projectDirPath = "";
			projectRoot = "";
			targets = (
				1D6058900D05DD3D006BFB54 /* audio_sdk_client */,
			);
		};
/* End PBXProject section */

/* Begin PBXResourcesBuildPhase section */
		1D60588D0D05DD3D006BFB54 /* Resources */ = {
			isa = PBXResourcesBuildPhase;
			buildActionMask = 2147483647;
			files = (
				2899E5220DE3E06400AC0155 /* audio_sdk_clientViewController.xib in Resources */,
				A9315E50140EA98E005A8E30 /* record_audio_testViewController.xib in Resources */,
				A9315E51140EA98E005A8E30 /* InfoView.xib in Resources */,
				A9315E60140EAA5B005A8E30 /* MainWindow.xib in Resources */,
				A93DEB11140F515B0014459E /* db.file in Resources */,
			);
			runOnlyForDeploymentPostprocessing = 0;
		};
/* End PBXResourcesBuildPhase section */

/* Begin PBXSourcesBuildPhase section */
		1D60588E0D05DD3D006BFB54 /* Sources */ = {
			isa = PBXSourcesBuildPhase;
			buildActionMask = 2147483647;
			files = (
				1D3623260D0F684500981E51 /* audio_sdk_clientAppDelegate.m in Sources */,
				28D7ACF80DDB3853001CB0EB /* audio_sdk_clientViewController.m in Sources */,
				A9315E49140EA973005A8E30 /* InfoViewController.m in Sources */,
				A9315E4A140EA973005A8E30 /* record_audio_testAppDelegate.m in Sources */,
				A9315E4B140EA973005A8E30 /* record_audio_testViewController.mm in Sources */,
			);
			runOnlyForDeploymentPostprocessing = 0;
		};
/* End PBXSourcesBuildPhase section */

/* Begin XCBuildConfiguration section */
		1D6058940D05DD3E006BFB54 /* Debug */ = {
			isa = XCBuildConfiguration;
			buildSettings = {
				ALWAYS_SEARCH_USER_PATHS = NO;
				COPY_PHASE_STRIP = NO;
				GCC_DYNAMIC_NO_PIC = NO;
				GCC_OPTIMIZATION_LEVEL = 0;
				GCC_PRECOMPILE_PREFIX_HEADER = YES;
				GCC_PREFIX_HEADER = audio_sdk_client_Prefix.pch;
				INFOPLIST_FILE = "audio_sdk_client-Info.plist";
				LIBRARY_SEARCH_PATHS = (
					"$(inherited)",
					"\"$(SRCROOT)\"",
				);
				PRODUCT_NAME = audio_sdk_client;
			};
			name = Debug;
		};
		1D6058950D05DD3E006BFB54 /* Release */ = {
			isa = XCBuildConfiguration;
			buildSettings = {
				ALWAYS_SEARCH_USER_PATHS = NO;
				COPY_PHASE_STRIP = YES;
				GCC_PRECOMPILE_PREFIX_HEADER = YES;
				GCC_PREFIX_HEADER = audio_sdk_client_Prefix.pch;
				INFOPLIST_FILE = "audio_sdk_client-Info.plist";
				LIBRARY_SEARCH_PATHS = (
					"$(inherited)",
					"\"$(SRCROOT)\"",
				);
				PRODUCT_NAME = audio_sdk_client;
				VALIDATE_PRODUCT = YES;
			};
			name = Release;
		};
		C01FCF4F08A954540054247B /* Debug */ = {
			isa = XCBuildConfiguration;
			buildSettings = {
				ARCHS = "$(ARCHS_STANDARD_32_BIT)";
				"CODE_SIGN_IDENTITY[sdk=iphoneos*]" = "iPhone Developer";
				GCC_C_LANGUAGE_STANDARD = c99;
				GCC_WARN_ABOUT_RETURN_TYPE = YES;
				GCC_WARN_UNUSED_VARIABLE = YES;
				PREBINDING = NO;
				SDKROOT = iphoneos;
			};
			name = Debug;
		};
		C01FCF5008A954540054247B /* Release */ = {
			isa = XCBuildConfiguration;
			buildSettings = {
				ARCHS = "$(ARCHS_STANDARD_32_BIT)";
				"CODE_SIGN_IDENTITY[sdk=iphoneos*]" = "iPhone Developer";
				GCC_C_LANGUAGE_STANDARD = c99;
				GCC_WARN_ABOUT_RETURN_TYPE = YES;
				GCC_WARN_UNUSED_VARIABLE = YES;
				OTHER_CFLAGS = "-DNS_BLOCK_ASSERTIONS=1";
				PREBINDING = NO;
				SDKROOT = iphoneos;
			};
			name = Release;
		};
/* End XCBuildConfiguration section */

/* Begin XCConfigurationList section */
		1D6058960D05DD3E006BFB54 /* Build configuration list for PBXNativeTarget "audio_sdk_client" */ = {
			isa = XCConfigurationList;
			buildConfigurations = (
				1D6058940D05DD3E006BFB54 /* Debug */,
				1D6058950D05DD3E006BFB54 /* Release */,
			);
			defaultConfigurationIsVisible = 0;
			defaultConfigurationName = Release;
		};
		C01FCF4E08A954540054247B /* Build configuration list for PBXProject "audio_sdk_client" */ = {
			isa = XCConfigurationList;
			buildConfigurations = (
				C01FCF4F08A954540054247B /* Debug */,
				C01FCF5008A954540054247B /* Release */,
			);
			defaultConfigurationIsVisible = 0;
			defaultConfigurationName = Release;
		};
/* End XCConfigurationList section */
	};
	rootObject = 29B97313FDCFA39411CA2CEA /* Project object */;
}
